
Microsoft Visual Studio Solution File, Format Version 12.00
# Visual Studio Version 16
VisualStudioVersion = 16.0.30717.126
MinimumVisualStudioVersion = 10.0.40219.1
Project("{FAE04EC0-301F-11D3-BF4B-00C04F79EFBC}") = "AspNetCoreWebApp", "AspNetCoreWebApp\AspNetCoreWebApp.csproj", "{B4FE9A11-BEEB-45E2-A96F-97A4254FD0A2}"
EndProject
Global
	GlobalSection(SolutionConfigurationPlatforms) = preSolution
		Debug|Any CPU = Debug|Any CPU
		Release|Any CPU = Release|Any CPU
	EndGlobalSection
	GlobalSection(ProjectConfigurationPlatforms) = postSolution
		{B4FE9A11-BEEB-45E2-A96F-97A4254FD0A2}.Debug|Any CPU.ActiveCfg = Debug|Any CPU
		{B4FE9A11-BEEB-45E2-A96F-97A4254FD0A2}.Debug|Any CPU.Build.0 = Debug|Any CPU
		{B4FE9A11-BEEB-45E2-A96F-97A4254FD0A2}.Release|Any CPU.ActiveCfg = Release|Any CPU
		{B4FE9A11-BEEB-45E2-A96F-97A4254FD0A2}.Release|Any CPU.Build.0 = Release|Any CPU
	EndGlobalSection
	GlobalSection(SolutionProperties) = preSolution
		HideSolutionNode = FALSE
	EndGlobalSection
	GlobalSection(ExtensibilityGlobals) = postSolution
		SolutionGuid = {4AA720D6-D3C9-43F6-B8EE-DF3D93045EBD}
	EndGlobalSection
EndGlobal
